
Microsoft Visual Studio Solution File, Format Version 12.00
# Visual Studio Version 16
VisualStudioVersion = 16.0.30804.86
MinimumVisualStudioVersion = 10.0.40219.1
Project("{FAE04EC0-301F-11D3-BF4B-00C04F79EFBC}") = "NUILoginView", "NUILoginView.csproj", "{3195A71F-4B96-4300-B1A9-84D836A4E303}"
EndProject
Global
	GlobalSection(SolutionConfigurationPlatforms) = preSolution
		Debug|Any CPU = Debug|Any CPU
		Release|Any CPU = Release|Any CPU
	EndGlobalSection
	GlobalSection(ProjectConfigurationPlatforms) = postSolution
		{3195A71F-4B96-4300-B1A9-84D836A4E303}.Debug|Any CPU.ActiveCfg = Debug|Any CPU
		{3195A71F-4B96-4300-B1A9-84D836A4E303}.Debug|Any CPU.Build.0 = Debug|Any CPU
		{3195A71F-4B96-4300-B1A9-84D836A4E303}.Release|Any CPU.ActiveCfg = Release|Any CPU
		{3195A71F-4B96-4300-B1A9-84D836A4E303}.Release|Any CPU.Build.0 = Release|Any CPU
	EndGlobalSection
	GlobalSection(SolutionProperties) = preSolution
		HideSolutionNode = FALSE
	EndGlobalSection
	GlobalSection(ExtensibilityGlobals) = postSolution
		SolutionGuid = {7C3A2986-4E35-4EB3-BF0E-71EF7B1F6230}
	EndGlobalSection
EndGlobal
