
Microsoft Visual Studio Solution File, Format Version 12.00
# Visual Studio Version 16
VisualStudioVersion = 16.0.31105.61
MinimumVisualStudioVersion = 10.0.40219.1
Project("{FAE04EC0-301F-11D3-BF4B-00C04F79EFBC}") = "ButtonsStyleTutorial", "ButtonsStyleTutorial.csproj", "{AE5E45F9-EB93-480A-BB06-E20A6DA9F734}"
EndProject
Global
	GlobalSection(SolutionConfigurationPlatforms) = preSolution
		Debug|Any CPU = Debug|Any CPU
		Release|Any CPU = Release|Any CPU
	EndGlobalSection
	GlobalSection(ProjectConfigurationPlatforms) = postSolution
		{AE5E45F9-EB93-480A-BB06-E20A6DA9F734}.Debug|Any CPU.ActiveCfg = Debug|Any CPU
		{AE5E45F9-EB93-480A-BB06-E20A6DA9F734}.Debug|Any CPU.Build.0 = Debug|Any CPU
		{AE5E45F9-EB93-480A-BB06-E20A6DA9F734}.Release|Any CPU.ActiveCfg = Release|Any CPU
		{AE5E45F9-EB93-480A-BB06-E20A6DA9F734}.Release|Any CPU.Build.0 = Release|Any CPU
	EndGlobalSection
	GlobalSection(SolutionProperties) = preSolution
		HideSolutionNode = FALSE
	EndGlobalSection
	GlobalSection(ExtensibilityGlobals) = postSolution
		SolutionGuid = {97191BA6-07C7-45F3-BAC2-A94D6F42BBB7}
	EndGlobalSection
EndGlobal
